
Microsoft Visual Studio Solution File, Format Version 12.00
# Visual Studio Version 17
VisualStudioVersion = 17.5.002.0
MinimumVisualStudioVersion = 10.0.40219.1
Project("{9A19103F-16F7-4668-BE54-9A1E7A4F7556}") = "HealthPacks", "src\HealthPacks.csproj", "{8EEE5A56-48C0-4319-BC8F-1E83405CAEDF}"
EndProject
Global
	GlobalSection(SolutionConfigurationPlatforms) = preSolution
		Debug|Any CPU = Debug|Any CPU
		Release|Any CPU = Release|Any CPU
	EndGlobalSection
	GlobalSection(ProjectConfigurationPlatforms) = postSolution
		{8EEE5A56-48C0-4319-BC8F-1E83405CAEDF}.Debug|Any CPU.ActiveCfg = Debug|Any CPU
		{8EEE5A56-48C0-4319-BC8F-1E83405CAEDF}.Debug|Any CPU.Build.0 = Debug|Any CPU
		{8EEE5A56-48C0-4319-BC8F-1E83405CAEDF}.Release|Any CPU.ActiveCfg = Release|Any CPU
		{8EEE5A56-48C0-4319-BC8F-1E83405CAEDF}.Release|Any CPU.Build.0 = Release|Any CPU
	EndGlobalSection
	GlobalSection(SolutionProperties) = preSolution
		HideSolutionNode = FALSE
	EndGlobalSection
	GlobalSection(ExtensibilityGlobals) = postSolution
		SolutionGuid = {0AF75158-FF6F-4372-A4B6-83196ACEE5EF}
	EndGlobalSection
EndGlobal
